
Microsoft Visual Studio Solution File, Format Version 12.00
# Visual Studio Version 17
VisualStudioVersion = 17.9.34728.123
MinimumVisualStudioVersion = 10.0.40219.1
Project("{9A19103F-16F7-4668-BE54-9A1E7A4F7556}") = "ForTask4", "DoctorPatients\ForTask4.csproj", "{0B5B9D8F-B6FB-4797-A84F-D20A06E14F07}"
EndProject
Project("{FAE04EC0-301F-11D3-BF4B-00C04F79EFBC}") = "WhileTask5", "WhileTask5\WhileTask5.csproj", "{C4244330-7FBF-4FB7-AD68-6A72FD9AA9B6}"
EndProject
Global
	GlobalSection(SolutionConfigurationPlatforms) = preSolution
		Debug|Any CPU = Debug|Any CPU
		Release|Any CPU = Release|Any CPU
	EndGlobalSection
	GlobalSection(ProjectConfigurationPlatforms) = postSolution
		{0B5B9D8F-B6FB-4797-A84F-D20A06E14F07}.Debug|Any CPU.ActiveCfg = Debug|Any CPU
		{0B5B9D8F-B6FB-4797-A84F-D20A06E14F07}.Debug|Any CPU.Build.0 = Debug|Any CPU
		{0B5B9D8F-B6FB-4797-A84F-D20A06E14F07}.Release|Any CPU.ActiveCfg = Release|Any CPU
		{0B5B9D8F-B6FB-4797-A84F-D20A06E14F07}.Release|Any CPU.Build.0 = Release|Any CPU
		{C4244330-7FBF-4FB7-AD68-6A72FD9AA9B6}.Debug|Any CPU.ActiveCfg = Debug|Any CPU
		{C4244330-7FBF-4FB7-AD68-6A72FD9AA9B6}.Debug|Any CPU.Build.0 = Debug|Any CPU
		{C4244330-7FBF-4FB7-AD68-6A72FD9AA9B6}.Release|Any CPU.ActiveCfg = Release|Any CPU
		{C4244330-7FBF-4FB7-AD68-6A72FD9AA9B6}.Release|Any CPU.Build.0 = Release|Any CPU
	EndGlobalSection
	GlobalSection(SolutionProperties) = preSolution
		HideSolutionNode = FALSE
	EndGlobalSection
	GlobalSection(ExtensibilityGlobals) = postSolution
		SolutionGuid = {17A463E9-762F-40C1-9129-6736BFB3D19A}
	EndGlobalSection
EndGlobal
