
Microsoft Visual Studio Solution File, Format Version 12.00
# Visual Studio Version 17
VisualStudioVersion = 17.9.34728.123
MinimumVisualStudioVersion = 10.0.40219.1
Project("{FAE04EC0-301F-11D3-BF4B-00C04F79EFBC}") = "DoctorPatients", "DoctorPatients\DoctorPatients.csproj", "{0B5B9D8F-B6FB-4797-A84F-D20A06E14F07}"
EndProject
Global
	GlobalSection(SolutionConfigurationPlatforms) = preSolution
		Debug|Any CPU = Debug|Any CPU
		Release|Any CPU = Release|Any CPU
	EndGlobalSection
	GlobalSection(ProjectConfigurationPlatforms) = postSolution
		{0B5B9D8F-B6FB-4797-A84F-D20A06E14F07}.Debug|Any CPU.ActiveCfg = Debug|Any CPU
		{0B5B9D8F-B6FB-4797-A84F-D20A06E14F07}.Debug|Any CPU.Build.0 = Debug|Any CPU
		{0B5B9D8F-B6FB-4797-A84F-D20A06E14F07}.Release|Any CPU.ActiveCfg = Release|Any CPU
		{0B5B9D8F-B6FB-4797-A84F-D20A06E14F07}.Release|Any CPU.Build.0 = Release|Any CPU
	EndGlobalSection
	GlobalSection(SolutionProperties) = preSolution
		HideSolutionNode = FALSE
	EndGlobalSection
	GlobalSection(ExtensibilityGlobals) = postSolution
		SolutionGuid = {17A463E9-762F-40C1-9129-6736BFB3D19A}
	EndGlobalSection
EndGlobal
